{
  "version": 4,
  "terraform_version": "0.12.24",
  "serial": 17,
  "lineage": "5fc93f04-121e-06ab-3ebd-0afdce0ae145",
  "outputs": {},
  "resources": [
    {
      "mode": "managed",
      "type": "aws_instance",
      "name": "example",
      "provider": "provider.aws",
      "instances": [
        {
          "schema_version": 1,
          "attributes": {
            "ami": "ami-03746875d916becc0",
            "arn": "arn:aws:ec2:eu-west-1:374332823610:instance/i-00b8440f98464c2a1",
            "associate_public_ip_address": true,
            "availability_zone": "eu-west-1a",
            "cpu_core_count": 1,
            "cpu_threads_per_core": 1,
            "credit_specification": [
              {
                "cpu_credits": "standard"
              }
            ],
            "disable_api_termination": false,
            "ebs_block_device": [],
            "ebs_optimized": false,
            "ephemeral_block_device": [],
            "get_password_data": false,
            "hibernation": false,
            "host_id": null,
            "iam_instance_profile": "",
            "id": "i-00b8440f98464c2a1",
            "instance_initiated_shutdown_behavior": null,
            "instance_state": "running",
            "instance_type": "t2.micro",
            "ipv6_address_count": 0,
            "ipv6_addresses": [],
            "key_name": "mykey",
            "metadata_options": [
              {
                "http_endpoint": "enabled",
                "http_put_response_hop_limit": 1,
                "http_tokens": "optional"
              }
            ],
            "monitoring": false,
            "network_interface": [],
            "network_interface_id": null,
            "outpost_arn": "",
            "password_data": "",
            "placement_group": "",
            "primary_network_interface_id": "eni-0cc81d8b4606c98cb",
            "private_dns": "ip-172-31-15-2.eu-west-1.compute.internal",
            "private_ip": "172.31.15.2",
            "public_dns": "ec2-34-247-38-88.eu-west-1.compute.amazonaws.com",
            "public_ip": "34.247.38.88",
            "root_block_device": [
              {
                "delete_on_termination": true,
                "device_name": "/dev/sda1",
                "encrypted": false,
                "iops": 100,
                "kms_key_id": "",
                "volume_id": "vol-0680b91047705aaae",
                "volume_size": 8,
                "volume_type": "gp2"
              }
            ],
            "security_groups": [
              "default"
            ],
            "source_dest_check": true,
            "subnet_id": "subnet-053065731ada93ea0",
            "tags": {
              "Name": "My92"
            },
            "tenancy": "default",
            "timeouts": null,
            "user_data": null,
            "user_data_base64": null,
            "volume_tags": {},
            "vpc_security_group_ids": [
              "sg-026a32fb0b9644720"
            ]
          },
          "private": "eyJlMmJmYjczMC1lY2FhLTExZTYtOGY4OC0zNDM2M2JjN2M0YzAiOnsiY3JlYXRlIjo2MDAwMDAwMDAwMDAsImRlbGV0ZSI6MTIwMDAwMDAwMDAwMCwidXBkYXRlIjo2MDAwMDAwMDAwMDB9LCJzY2hlbWFfdmVyc2lvbiI6IjEifQ==",
          "dependencies": [
            "aws_key_pair.mykey"
          ]
        }
      ]
    },
    {
      "mode": "managed",
      "type": "aws_key_pair",
      "name": "mykey",
      "provider": "provider.aws",
      "instances": [
        {
          "schema_version": 1,
          "attributes": {
            "fingerprint": "2d:29:3e:4c:d8:a5:a2:b3:54:6a:0a:39:66:06:65:09",
            "id": "mykey",
            "key_name": "mykey",
            "key_name_prefix": null,
            "key_pair_id": "key-0b103e78d540ec672",
            "public_key": "ssh-rsa AAAAB3NzaC1yc2EAAAADAQABAAABAQDDx/hATjkOtcNmBviV3KmSbqzUynw0R7GgeCGVLy1fcnIP9O8UFG9q9G//Zk112C8HzCmmMJ+xqKQLEotyjmtiT39QEhqckPeF+qmj51JqHXv3ivVdosjqoCTPujy+zbhFNosybwlcTJsXW3Lzq667IRzS0t+vtdE/J+08EPh7+S3ut4njGGOeQfdoHjRTXkqsUO+l/6O30zG2/z+wvQ04lVjkkHRda9FeM+/h5CJ+QLC4jf5PdUFgmNBIb9uD01USuUfVNmBVEQ8qLEhru2C/dY+bWYngx+2nhgkRmVLAIZYhg80I0x7Yk1L/WU3ITW4Rm366wWfC7pMj+PywK7DR ubuntu@u1",
            "tags": {}
          },
          "private": "eyJzY2hlbWFfdmVyc2lvbiI6IjEifQ=="
        }
      ]
    }
  ]
}
